// !$*UTF8*$!
{
	archiveVersion = 1;
	classes = {
	};
	objectVersion = 46;
	objects = {

/* Begin PBXBuildFile section */
		045A85A31B61D497002137F8 /* main.m in Sources */ = {isa = PBXBuildFile; fileRef = 045A85A21B61D497002137F8 /* main.m */; };
		045A85A61B61D497002137F8 /* AppDelegate.m in Sources */ = {isa = PBXBuildFile; fileRef = 045A85A51B61D497002137F8 /* AppDelegate.m */; };
		045A85A91B61D497002137F8 /* ViewController.m in Sources */ = {isa = PBXBuildFile; fileRef = 045A85A81B61D497002137F8 /* ViewController.m */; };
		045A85AC1B61D497002137F8 /* Main.storyboard in Resources */ = {isa = PBXBuildFile; fileRef = 045A85AA1B61D497002137F8 /* Main.storyboard */; };
		045A85AE1B61D497002137F8 /* Images.xcassets in Resources */ = {isa = PBXBuildFile; fileRef = 045A85AD1B61D497002137F8 /* Images.xcassets */; };
		045A85B11B61D497002137F8 /* LaunchScreen.xib in Resources */ = {isa = PBXBuildFile; fileRef = 045A85AF1B61D497002137F8 /* LaunchScreen.xib */; };
		045A85BD1B61D497002137F8 /* PICollectionPageViewExampleTests.m in Sources */ = {isa = PBXBuildFile; fileRef = 045A85BC1B61D497002137F8 /* PICollectionPageViewExampleTests.m */; };
		7D8C4248396821A7CD4D920C /* libPods.a in Frameworks */ = {isa = PBXBuildFile; fileRef = 92E88FFB54E27F8BEE5C9B6E /* libPods.a */; };
/* End PBXBuildFile section */

/* Begin PBXContainerItemProxy section */
		045A85B71B61D497002137F8 /* PBXContainerItemProxy */ = {
			isa = PBXContainerItemProxy;
			containerPortal = 045A85951B61D497002137F8 /* Project object */;
			proxyType = 1;
			remoteGlobalIDString = 045A859C1B61D497002137F8;
			remoteInfo = PICollectionPageViewExample;
		};
/* End PBXContainerItemProxy section */

/* Begin PBXFileReference section */
		045A859D1B61D497002137F8 /* PICollectionPageViewExample.app */ = {isa = PBXFileReference; explicitFileType = wrapper.application; includeInIndex = 0; path = PICollectionPageViewExample.app; sourceTree = BUILT_PRODUCTS_DIR; };
		045A85A11B61D497002137F8 /* Info.plist */ = {isa = PBXFileReference; lastKnownFileType = text.plist.xml; path = Info.plist; sourceTree = "<group>"; };
		045A85A21B61D497002137F8 /* main.m */ = {isa = PBXFileReference; lastKnownFileType = sourcecode.c.objc; path = main.m; sourceTree = "<group>"; };
		045A85A41B61D497002137F8 /* AppDelegate.h */ = {isa = PBXFileReference; lastKnownFileType = sourcecode.c.h; path = AppDelegate.h; sourceTree = "<group>"; };
		045A85A51B61D497002137F8 /* AppDelegate.m */ = {isa = PBXFileReference; lastKnownFileType = sourcecode.c.objc; path = AppDelegate.m; sourceTree = "<group>"; };
		045A85A71B61D497002137F8 /* ViewController.h */ = {isa = PBXFileReference; lastKnownFileType = sourcecode.c.h; path = ViewController.h; sourceTree = "<group>"; };
		045A85A81B61D497002137F8 /* ViewController.m */ = {isa = PBXFileReference; lastKnownFileType = sourcecode.c.objc; path = ViewController.m; sourceTree = "<group>"; };
		045A85AB1B61D497002137F8 /* Base */ = {isa = PBXFileReference; lastKnownFileType = file.storyboard; name = Base; path = Base.lproj/Main.storyboard; sourceTree = "<group>"; };
		045A85AD1B61D497002137F8 /* Images.xcassets */ = {isa = PBXFileReference; lastKnownFileType = folder.assetcatalog; path = Images.xcassets; sourceTree = "<group>"; };
		045A85B01B61D497002137F8 /* Base */ = {isa = PBXFileReference; lastKnownFileType = file.xib; name = Base; path = Base.lproj/LaunchScreen.xib; sourceTree = "<group>"; };
		045A85B61B61D497002137F8 /* PICollectionPageViewExampleTests.xctest */ = {isa = PBXFileReference; explicitFileType = wrapper.cfbundle; includeInIndex = 0; path = PICollectionPageViewExampleTests.xctest; sourceTree = BUILT_PRODUCTS_DIR; };
		045A85BB1B61D497002137F8 /* Info.plist */ = {isa = PBXFileReference; lastKnownFileType = text.plist.xml; path = Info.plist; sourceTree = "<group>"; };
		045A85BC1B61D497002137F8 /* PICollectionPageViewExampleTests.m */ = {isa = PBXFileReference; lastKnownFileType = sourcecode.c.objc; path = PICollectionPageViewExampleTests.m; sourceTree = "<group>"; };
		0C2B0FDF77A49EFE475B7143 /* Pods.debug.xcconfig */ = {isa = PBXFileReference; includeInIndex = 1; lastKnownFileType = text.xcconfig; name = Pods.debug.xcconfig; path = "Pods/Target Support Files/Pods/Pods.debug.xcconfig"; sourceTree = "<group>"; };
		92E88FFB54E27F8BEE5C9B6E /* libPods.a */ = {isa = PBXFileReference; explicitFileType = archive.ar; includeInIndex = 0; path = libPods.a; sourceTree = BUILT_PRODUCTS_DIR; };
		E0A89F597BE9A02A6B5257AA /* Pods.release.xcconfig */ = {isa = PBXFileReference; includeInIndex = 1; lastKnownFileType = text.xcconfig; name = Pods.release.xcconfig; path = "Pods/Target Support Files/Pods/Pods.release.xcconfig"; sourceTree = "<group>"; };
/* End PBXFileReference section */

/* Begin PBXFrameworksBuildPhase section */
		045A859A1B61D497002137F8 /* Frameworks */ = {
			isa = PBXFrameworksBuildPhase;
			buildActionMask = 2147483647;
			files = (
				7D8C4248396821A7CD4D920C /* libPods.a in Frameworks */,
			);
			runOnlyForDeploymentPostprocessing = 0;
		};
		045A85B31B61D497002137F8 /* Frameworks */ = {
			isa = PBXFrameworksBuildPhase;
			buildActionMask = 2147483647;
			files = (
			);
			runOnlyForDeploymentPostprocessing = 0;
		};
/* End PBXFrameworksBuildPhase section */

/* Begin PBXGroup section */
		045A85941B61D497002137F8 = {
			isa = PBXGroup;
			children = (
				045A859F1B61D497002137F8 /* PICollectionPageViewExample */,
				045A85B91B61D497002137F8 /* PICollectionPageViewExampleTests */,
				045A859E1B61D497002137F8 /* Products */,
				3E9DD36C48C37585B45110CD /* Pods */,
				04C8F393483A022C871C166B /* Frameworks */,
			);
			sourceTree = "<group>";
		};
		045A859E1B61D497002137F8 /* Products */ = {
			isa = PBXGroup;
			children = (
				045A859D1B61D497002137F8 /* PICollectionPageViewExample.app */,
				045A85B61B61D497002137F8 /* PICollectionPageViewExampleTests.xctest */,
			);
			name = Products;
			sourceTree = "<group>";
		};
		045A859F1B61D497002137F8 /* PICollectionPageViewExample */ = {
			isa = PBXGroup;
			children = (
				045A85A41B61D497002137F8 /* AppDelegate.h */,
				045A85A51B61D497002137F8 /* AppDelegate.m */,
				045A85A71B61D497002137F8 /* ViewController.h */,
				045A85A81B61D497002137F8 /* ViewController.m */,
				045A85AA1B61D497002137F8 /* Main.storyboard */,
				045A85AD1B61D497002137F8 /* Images.xcassets */,
				045A85AF1B61D497002137F8 /* LaunchScreen.xib */,
				045A85A01B61D497002137F8 /* Supporting Files */,
			);
			path = PICollectionPageViewExample;
			sourceTree = "<group>";
		};
		045A85A01B61D497002137F8 /* Supporting Files */ = {
			isa = PBXGroup;
			children = (
				045A85A11B61D497002137F8 /* Info.plist */,
				045A85A21B61D497002137F8 /* main.m */,
			);
			name = "Supporting Files";
			sourceTree = "<group>";
		};
		045A85B91B61D497002137F8 /* PICollectionPageViewExampleTests */ = {
			isa = PBXGroup;
			children = (
				045A85BC1B61D497002137F8 /* PICollectionPageViewExampleTests.m */,
				045A85BA1B61D497002137F8 /* Supporting Files */,
			);
			path = PICollectionPageViewExampleTests;
			sourceTree = "<group>";
		};
		045A85BA1B61D497002137F8 /* Supporting Files */ = {
			isa = PBXGroup;
			children = (
				045A85BB1B61D497002137F8 /* Info.plist */,
			);
			name = "Supporting Files";
			sourceTree = "<group>";
		};
		04C8F393483A022C871C166B /* Frameworks */ = {
			isa = PBXGroup;
			children = (
				92E88FFB54E27F8BEE5C9B6E /* libPods.a */,
			);
			name = Frameworks;
			sourceTree = "<group>";
		};
		3E9DD36C48C37585B45110CD /* Pods */ = {
			isa = PBXGroup;
			children = (
				0C2B0FDF77A49EFE475B7143 /* Pods.debug.xcconfig */,
				E0A89F597BE9A02A6B5257AA /* Pods.release.xcconfig */,
			);
			name = Pods;
			sourceTree = "<group>";
		};
/* End PBXGroup section */

/* Begin PBXNativeTarget section */
		045A859C1B61D497002137F8 /* PICollectionPageViewExample */ = {
			isa = PBXNativeTarget;
			buildConfigurationList = 045A85C01B61D497002137F8 /* Build configuration list for PBXNativeTarget "PICollectionPageViewExample" */;
			buildPhases = (
				5BA550183A3DB32D424F8B78 /* Check Pods Manifest.lock */,
				045A85991B61D497002137F8 /* Sources */,
				045A859A1B61D497002137F8 /* Frameworks */,
				045A859B1B61D497002137F8 /* Resources */,
				68B471585F6688D8DB0332BC /* Copy Pods Resources */,
			);
			buildRules = (
			);
			dependencies = (
			);
			name = PICollectionPageViewExample;
			productName = PICollectionPageViewExample;
			productReference = 045A859D1B61D497002137F8 /* PICollectionPageViewExample.app */;
			productType = "com.apple.product-type.application";
		};
		045A85B51B61D497002137F8 /* PICollectionPageViewExampleTests */ = {
			isa = PBXNativeTarget;
			buildConfigurationList = 045A85C31B61D497002137F8 /* Build configuration list for PBXNativeTarget "PICollectionPageViewExampleTests" */;
			buildPhases = (
				045A85B21B61D497002137F8 /* Sources */,
				045A85B31B61D497002137F8 /* Frameworks */,
				045A85B41B61D497002137F8 /* Resources */,
			);
			buildRules = (
			);
			dependencies = (
				045A85B81B61D497002137F8 /* PBXTargetDependency */,
			);
			name = PICollectionPageViewExampleTests;
			productName = PICollectionPageViewExampleTests;
			productReference = 045A85B61B61D497002137F8 /* PICollectionPageViewExampleTests.xctest */;
			productType = "com.apple.product-type.bundle.unit-test";
		};
/* End PBXNativeTarget section */

/* Begin PBXProject section */
		045A85951B61D497002137F8 /* Project object */ = {
			isa = PBXProject;
			attributes = {
				LastUpgradeCheck = 0640;
				ORGANIZATIONNAME = Jkorp;
				TargetAttributes = {
					045A859C1B61D497002137F8 = {
						CreatedOnToolsVersion = 6.4;
					};
					045A85B51B61D497002137F8 = {
						CreatedOnToolsVersion = 6.4;
						TestTargetID = 045A859C1B61D497002137F8;
					};
				};
			};
			buildConfigurationList = 045A85981B61D497002137F8 /* Build configuration list for PBXProject "PICollectionPageViewExample" */;
			compatibilityVersion = "Xcode 3.2";
			developmentRegion = English;
			hasScannedForEncodings = 0;
			knownRegions = (
				en,
				Base,
			);
			mainGroup = 045A85941B61D497002137F8;
			productRefGroup = 045A859E1B61D497002137F8 /* Products */;
			projectDirPath = "";
			projectRoot = "";
			targets = (
				045A859C1B61D497002137F8 /* PICollectionPageViewExample */,
				045A85B51B61D497002137F8 /* PICollectionPageViewExampleTests */,
			);
		};
/* End PBXProject section */

/* Begin PBXResourcesBuildPhase section */
		045A859B1B61D497002137F8 /* Resources */ = {
			isa = PBXResourcesBuildPhase;
			buildActionMask = 2147483647;
			files = (
				045A85AC1B61D497002137F8 /* Main.storyboard in Resources */,
				045A85B11B61D497002137F8 /* LaunchScreen.xib in Resources */,
				045A85AE1B61D497002137F8 /* Images.xcassets in Resources */,
			);
			runOnlyForDeploymentPostprocessing = 0;
		};
		045A85B41B61D497002137F8 /* Resources */ = {
			isa = PBXResourcesBuildPhase;
			buildActionMask = 2147483647;
			files = (
			);
			runOnlyForDeploymentPostprocessing = 0;
		};
/* End PBXResourcesBuildPhase section */

/* Begin PBXShellScriptBuildPhase section */
		5BA550183A3DB32D424F8B78 /* Check Pods Manifest.lock */ = {
			isa = PBXShellScriptBuildPhase;
			buildActionMask = 2147483647;
			files = (
			);
			inputPaths = (
			);
			name = "Check Pods Manifest.lock";
			outputPaths = (
			);
			runOnlyForDeploymentPostprocessing = 0;
			shellPath = /bin/sh;
			shellScript = "diff \"${PODS_ROOT}/../Podfile.lock\" \"${PODS_ROOT}/Manifest.lock\" > /dev/null\nif [[ $? != 0 ]] ; then\n    cat << EOM\nerror: The sandbox is not in sync with the Podfile.lock. Run 'pod install' or update your CocoaPods installation.\nEOM\n    exit 1\nfi\n";
			showEnvVarsInLog = 0;
		};
		68B471585F6688D8DB0332BC /* Copy Pods Resources */ = {
			isa = PBXShellScriptBuildPhase;
			buildActionMask = 2147483647;
			files = (
			);
			inputPaths = (
			);
			name = "Copy Pods Resources";
			outputPaths = (
			);
			runOnlyForDeploymentPostprocessing = 0;
			shellPath = /bin/sh;
			shellScript = "\"${SRCROOT}/Pods/Target Support Files/Pods/Pods-resources.sh\"\n";
			showEnvVarsInLog = 0;
		};
/* End PBXShellScriptBuildPhase section */

/* Begin PBXSourcesBuildPhase section */
		045A85991B61D497002137F8 /* Sources */ = {
			isa = PBXSourcesBuildPhase;
			buildActionMask = 2147483647;
			files = (
				045A85A91B61D497002137F8 /* ViewController.m in Sources */,
				045A85A61B61D497002137F8 /* AppDelegate.m in Sources */,
				045A85A31B61D497002137F8 /* main.m in Sources */,
			);
			runOnlyForDeploymentPostprocessing = 0;
		};
		045A85B21B61D497002137F8 /* Sources */ = {
			isa = PBXSourcesBuildPhase;
			buildActionMask = 2147483647;
			files = (
				045A85BD1B61D497002137F8 /* PICollectionPageViewExampleTests.m in Sources */,
			);
			runOnlyForDeploymentPostprocessing = 0;
		};
/* End PBXSourcesBuildPhase section */

/* Begin PBXTargetDependency section */
		045A85B81B61D497002137F8 /* PBXTargetDependency */ = {
			isa = PBXTargetDependency;
			target = 045A859C1B61D497002137F8 /* PICollectionPageViewExample */;
			targetProxy = 045A85B71B61D497002137F8 /* PBXContainerItemProxy */;
		};
/* End PBXTargetDependency section */

/* Begin PBXVariantGroup section */
		045A85AA1B61D497002137F8 /* Main.storyboard */ = {
			isa = PBXVariantGroup;
			children = (
				045A85AB1B61D497002137F8 /* Base */,
			);
			name = Main.storyboard;
			sourceTree = "<group>";
		};
		045A85AF1B61D497002137F8 /* LaunchScreen.xib */ = {
			isa = PBXVariantGroup;
			children = (
				045A85B01B61D497002137F8 /* Base */,
			);
			name = LaunchScreen.xib;
			sourceTree = "<group>";
		};
/* End PBXVariantGroup section */

/* Begin XCBuildConfiguration section */
		045A85BE1B61D497002137F8 /* Debug */ = {
			isa = XCBuildConfiguration;
			buildSettings = {
				ALWAYS_SEARCH_USER_PATHS = NO;
				CLANG_CXX_LANGUAGE_STANDARD = "gnu++0x";
				CLANG_CXX_LIBRARY = "libc++";
				CLANG_ENABLE_MODULES = YES;
				CLANG_ENABLE_OBJC_ARC = YES;
				CLANG_WARN_BOOL_CONVERSION = YES;
				CLANG_WARN_CONSTANT_CONVERSION = YES;
				CLANG_WARN_DIRECT_OBJC_ISA_USAGE = YES_ERROR;
				CLANG_WARN_EMPTY_BODY = YES;
				CLANG_WARN_ENUM_CONVERSION = YES;
				CLANG_WARN_INT_CONVERSION = YES;
				CLANG_WARN_OBJC_ROOT_CLASS = YES_ERROR;
				CLANG_WARN_UNREACHABLE_CODE = YES;
				CLANG_WARN__DUPLICATE_METHOD_MATCH = YES;
				"CODE_SIGN_IDENTITY[sdk=iphoneos*]" = "iPhone Developer";
				COPY_PHASE_STRIP = NO;
				DEBUG_INFORMATION_FORMAT = "dwarf-with-dsym";
				ENABLE_STRICT_OBJC_MSGSEND = YES;
				GCC_C_LANGUAGE_STANDARD = gnu99;
				GCC_DYNAMIC_NO_PIC = NO;
				GCC_NO_COMMON_BLOCKS = YES;
				GCC_OPTIMIZATION_LEVEL = 0;
				GCC_PREPROCESSOR_DEFINITIONS = (
					"DEBUG=1",
					"$(inherited)",
				);
				GCC_SYMBOLS_PRIVATE_EXTERN = NO;
				GCC_WARN_64_TO_32_BIT_CONVERSION = YES;
				GCC_WARN_ABOUT_RETURN_TYPE = YES_ERROR;
				GCC_WARN_UNDECLARED_SELECTOR = YES;
				GCC_WARN_UNINITIALIZED_AUTOS = YES_AGGRESSIVE;
				GCC_WARN_UNUSED_FUNCTION = YES;
				GCC_WARN_UNUSED_VARIABLE = YES;
				IPHONEOS_DEPLOYMENT_TARGET = 8.4;
				MTL_ENABLE_DEBUG_INFO = YES;
				ONLY_ACTIVE_ARCH = YES;
				SDKROOT = iphoneos;
				TARGETED_DEVICE_FAMILY = "1,2";
			};
			name = Debug;
		};
		045A85BF1B61D497002137F8 /* Release */ = {
			isa = XCBuildConfiguration;
			buildSettings = {
				ALWAYS_SEARCH_USER_PATHS = NO;
				CLANG_CXX_LANGUAGE_STANDARD = "gnu++0x";
				CLANG_CXX_LIBRARY = "libc++";
				CLANG_ENABLE_MODULES = YES;
				CLANG_ENABLE_OBJC_ARC = YES;
				CLANG_WARN_BOOL_CONVERSION = YES;
				CLANG_WARN_CONSTANT_CONVERSION = YES;
				CLANG_WARN_DIRECT_OBJC_ISA_USAGE = YES_ERROR;
				CLANG_WARN_EMPTY_BODY = YES;
				CLANG_WARN_ENUM_CONVERSION = YES;
				CLANG_WARN_INT_CONVERSION = YES;
				CLANG_WARN_OBJC_ROOT_CLASS = YES_ERROR;
				CLANG_WARN_UNREACHABLE_CODE = YES;
				CLANG_WARN__DUPLICATE_METHOD_MATCH = YES;
				"CODE_SIGN_IDENTITY[sdk=iphoneos*]" = "iPhone Developer";
				COPY_PHASE_STRIP = NO;
				DEBUG_INFORMATION_FORMAT = "dwarf-with-dsym";
				ENABLE_NS_ASSERTIONS = NO;
				ENABLE_STRICT_OBJC_MSGSEND = YES;
				GCC_C_LANGUAGE_STANDARD = gnu99;
				GCC_NO_COMMON_BLOCKS = YES;
				GCC_WARN_64_TO_32_BIT_CONVERSION = YES;
				GCC_WARN_ABOUT_RETURN_TYPE = YES_ERROR;
				GCC_WARN_UNDECLARED_SELECTOR = YES;
				GCC_WARN_UNINITIALIZED_AUTOS = YES_AGGRESSIVE;
				GCC_WARN_UNUSED_FUNCTION = YES;
				GCC_WARN_UNUSED_VARIABLE = YES;
				IPHONEOS_DEPLOYMENT_TARGET = 8.4;
				MTL_ENABLE_DEBUG_INFO = NO;
				SDKROOT = iphoneos;
				TARGETED_DEVICE_FAMILY = "1,2";
				VALIDATE_PRODUCT = YES;
			};
			name = Release;
		};
		045A85C11B61D497002137F8 /* Debug */ = {
			isa = XCBuildConfiguration;
			baseConfigurationReference = 0C2B0FDF77A49EFE475B7143 /* Pods.debug.xcconfig */;
			buildSettings = {
				ASSETCATALOG_COMPILER_APPICON_NAME = AppIcon;
				INFOPLIST_FILE = PICollectionPageViewExample/Info.plist;
				LD_RUNPATH_SEARCH_PATHS = "$(inherited) @executable_path/Frameworks";
				PRODUCT_NAME = "$(TARGET_NAME)";
			};
			name = Debug;
		};
		045A85C21B61D497002137F8 /* Release */ = {
			isa = XCBuildConfiguration;
			baseConfigurationReference = E0A89F597BE9A02A6B5257AA /* Pods.release.xcconfig */;
			buildSettings = {
				ASSETCATALOG_COMPILER_APPICON_NAME = AppIcon;
				INFOPLIST_FILE = PICollectionPageViewExample/Info.plist;
				LD_RUNPATH_SEARCH_PATHS = "$(inherited) @executable_path/Frameworks";
				PRODUCT_NAME = "$(TARGET_NAME)";
			};
			name = Release;
		};
		045A85C41B61D497002137F8 /* Debug */ = {
			isa = XCBuildConfiguration;
			buildSettings = {
				BUNDLE_LOADER = "$(TEST_HOST)";
				FRAMEWORK_SEARCH_PATHS = (
					"$(SDKROOT)/Developer/Library/Frameworks",
					"$(inherited)",
				);
				GCC_PREPROCESSOR_DEFINITIONS = (
					"DEBUG=1",
					"$(inherited)",
				);
				INFOPLIST_FILE = PICollectionPageViewExampleTests/Info.plist;
				LD_RUNPATH_SEARCH_PATHS = "$(inherited) @executable_path/Frameworks @loader_path/Frameworks";
				PRODUCT_NAME = "$(TARGET_NAME)";
				TEST_HOST = "$(BUILT_PRODUCTS_DIR)/PICollectionPageViewExample.app/PICollectionPageViewExample";
			};
			name = Debug;
		};
		045A85C51B61D497002137F8 /* Release */ = {
			isa = XCBuildConfiguration;
			buildSettings = {
				BUNDLE_LOADER = "$(TEST_HOST)";
				FRAMEWORK_SEARCH_PATHS = (
					"$(SDKROOT)/Developer/Library/Frameworks",
					"$(inherited)",
				);
				INFOPLIST_FILE = PICollectionPageViewExampleTests/Info.plist;
				LD_RUNPATH_SEARCH_PATHS = "$(inherited) @executable_path/Frameworks @loader_path/Frameworks";
				PRODUCT_NAME = "$(TARGET_NAME)";
				TEST_HOST = "$(BUILT_PRODUCTS_DIR)/PICollectionPageViewExample.app/PICollectionPageViewExample";
			};
			name = Release;
		};
/* End XCBuildConfiguration section */

/* Begin XCConfigurationList section */
		045A85981B61D497002137F8 /* Build configuration list for PBXProject "PICollectionPageViewExample" */ = {
			isa = XCConfigurationList;
			buildConfigurations = (
				045A85BE1B61D497002137F8 /* Debug */,
				045A85BF1B61D497002137F8 /* Release */,
			);
			defaultConfigurationIsVisible = 0;
			defaultConfigurationName = Release;
		};
		045A85C01B61D497002137F8 /* Build configuration list for PBXNativeTarget "PICollectionPageViewExample" */ = {
			isa = XCConfigurationList;
			buildConfigurations = (
				045A85C11B61D497002137F8 /* Debug */,
				045A85C21B61D497002137F8 /* Release */,
			);
			defaultConfigurationIsVisible = 0;
			defaultConfigurationName = Release;
		};
		045A85C31B61D497002137F8 /* Build configuration list for PBXNativeTarget "PICollectionPageViewExampleTests" */ = {
			isa = XCConfigurationList;
			buildConfigurations = (
				045A85C41B61D497002137F8 /* Debug */,
				045A85C51B61D497002137F8 /* Release */,
			);
			defaultConfigurationIsVisible = 0;
			defaultConfigurationName = Release;
		};
/* End XCConfigurationList section */
	};
	rootObject = 045A85951B61D497002137F8 /* Project object */;
}
